
Microsoft Visual Studio Solution File, Format Version 12.00
# Visual Studio Version 16
VisualStudioVersion = 16.0.29709.97
MinimumVisualStudioVersion = 10.0.40219.1
Project("{FAE04EC0-301F-11D3-BF4B-00C04F79EFBC}") = "XamSolution.UWP", "XamSolution\XamSolution.UWP\XamSolution.UWP.csproj", "{C1861995-2530-4946-AB1E-CE7BA1F10316}"
EndProject
Project("{FAE04EC0-301F-11D3-BF4B-00C04F79EFBC}") = "XamSolution.Android", "XamSolution\XamSolution.Android\XamSolution.Android.csproj", "{328C2ACB-B69C-4E56-BB13-7A958F09CD92}"
EndProject
Project("{FAE04EC0-301F-11D3-BF4B-00C04F79EFBC}") = "XamSolution.iOS", "XamSolution\XamSolution.iOS\XamSolution.iOS.csproj", "{3437ED88-65BC-47D5-8778-45A02D266BCE}"
EndProject
Project("{FAE04EC0-301F-11D3-BF4B-00C04F79EFBC}") = "XamSolution", "XamSolution\XamSolution\XamSolution.csproj", "{89C4F9E0-F75D-4B07-B627-0F92DE2AFD27}"
EndProject
Global
	GlobalSection(SolutionConfigurationPlatforms) = preSolution
		Debug|Any CPU = Debug|Any CPU
		Debug|ARM = Debug|ARM
		Debug|iPhone = Debug|iPhone
		Debug|iPhoneSimulator = Debug|iPhoneSimulator
		Debug|x64 = Debug|x64
		Debug|x86 = Debug|x86
		Release|Any CPU = Release|Any CPU
		Release|ARM = Release|ARM
		Release|iPhone = Release|iPhone
		Release|iPhoneSimulator = Release|iPhoneSimulator
		Release|x64 = Release|x64
		Release|x86 = Release|x86
	EndGlobalSection
	GlobalSection(ProjectConfigurationPlatforms) = postSolution
		{C1861995-2530-4946-AB1E-CE7BA1F10316}.Debug|Any CPU.ActiveCfg = Debug|x86
		{C1861995-2530-4946-AB1E-CE7BA1F10316}.Debug|Any CPU.Build.0 = Debug|x86
		{C1861995-2530-4946-AB1E-CE7BA1F10316}.Debug|Any CPU.Deploy.0 = Debug|x86
		{C1861995-2530-4946-AB1E-CE7BA1F10316}.Debug|ARM.ActiveCfg = Debug|ARM
		{C1861995-2530-4946-AB1E-CE7BA1F10316}.Debug|ARM.Build.0 = Debug|ARM
		{C1861995-2530-4946-AB1E-CE7BA1F10316}.Debug|ARM.Deploy.0 = Debug|ARM
		{C1861995-2530-4946-AB1E-CE7BA1F10316}.Debug|iPhone.ActiveCfg = Debug|x86
		{C1861995-2530-4946-AB1E-CE7BA1F10316}.Debug|iPhone.Build.0 = Debug|x86
		{C1861995-2530-4946-AB1E-CE7BA1F10316}.Debug|iPhone.Deploy.0 = Debug|x86
		{C1861995-2530-4946-AB1E-CE7BA1F10316}.Debug|iPhoneSimulator.ActiveCfg = Debug|x86
		{C1861995-2530-4946-AB1E-CE7BA1F10316}.Debug|iPhoneSimulator.Build.0 = Debug|x86
		{C1861995-2530-4946-AB1E-CE7BA1F10316}.Debug|iPhoneSimulator.Deploy.0 = Debug|x86
		{C1861995-2530-4946-AB1E-CE7BA1F10316}.Debug|x64.ActiveCfg = Debug|x64
		{C1861995-2530-4946-AB1E-CE7BA1F10316}.Debug|x64.Build.0 = Debug|x64
		{C1861995-2530-4946-AB1E-CE7BA1F10316}.Debug|x64.Deploy.0 = Debug|x64
		{C1861995-2530-4946-AB1E-CE7BA1F10316}.Debug|x86.ActiveCfg = Debug|x86
		{C1861995-2530-4946-AB1E-CE7BA1F10316}.Debug|x86.Build.0 = Debug|x86
		{C1861995-2530-4946-AB1E-CE7BA1F10316}.Debug|x86.Deploy.0 = Debug|x86
		{C1861995-2530-4946-AB1E-CE7BA1F10316}.Release|Any CPU.ActiveCfg = Release|x86
		{C1861995-2530-4946-AB1E-CE7BA1F10316}.Release|Any CPU.Build.0 = Release|x86
		{C1861995-2530-4946-AB1E-CE7BA1F10316}.Release|Any CPU.Deploy.0 = Release|x86
		{C1861995-2530-4946-AB1E-CE7BA1F10316}.Release|ARM.ActiveCfg = Release|ARM
		{C1861995-2530-4946-AB1E-CE7BA1F10316}.Release|ARM.Build.0 = Release|ARM
		{C1861995-2530-4946-AB1E-CE7BA1F10316}.Release|ARM.Deploy.0 = Release|ARM
		{C1861995-2530-4946-AB1E-CE7BA1F10316}.Release|iPhone.ActiveCfg = Release|x86
		{C1861995-2530-4946-AB1E-CE7BA1F10316}.Release|iPhone.Build.0 = Release|x86
		{C1861995-2530-4946-AB1E-CE7BA1F10316}.Release|iPhone.Deploy.0 = Release|x86
		{C1861995-2530-4946-AB1E-CE7BA1F10316}.Release|iPhoneSimulator.ActiveCfg = Release|x86
		{C1861995-2530-4946-AB1E-CE7BA1F10316}.Release|iPhoneSimulator.Build.0 = Release|x86
		{C1861995-2530-4946-AB1E-CE7BA1F10316}.Release|iPhoneSimulator.Deploy.0 = Release|x86
		{C1861995-2530-4946-AB1E-CE7BA1F10316}.Release|x64.ActiveCfg = Release|x64
		{C1861995-2530-4946-AB1E-CE7BA1F10316}.Release|x64.Build.0 = Release|x64
		{C1861995-2530-4946-AB1E-CE7BA1F10316}.Release|x64.Deploy.0 = Release|x64
		{C1861995-2530-4946-AB1E-CE7BA1F10316}.Release|x86.ActiveCfg = Release|x86
		{C1861995-2530-4946-AB1E-CE7BA1F10316}.Release|x86.Build.0 = Release|x86
		{C1861995-2530-4946-AB1E-CE7BA1F10316}.Release|x86.Deploy.0 = Release|x86
		{328C2ACB-B69C-4E56-BB13-7A958F09CD92}.Debug|Any CPU.ActiveCfg = Debug|Any CPU
		{328C2ACB-B69C-4E56-BB13-7A958F09CD92}.Debug|Any CPU.Build.0 = Debug|Any CPU
		{328C2ACB-B69C-4E56-BB13-7A958F09CD92}.Debug|Any CPU.Deploy.0 = Debug|Any CPU
		{328C2ACB-B69C-4E56-BB13-7A958F09CD92}.Debug|ARM.ActiveCfg = Debug|Any CPU
		{328C2ACB-B69C-4E56-BB13-7A958F09CD92}.Debug|ARM.Build.0 = Debug|Any CPU
		{328C2ACB-B69C-4E56-BB13-7A958F09CD92}.Debug|ARM.Deploy.0 = Debug|Any CPU
		{328C2ACB-B69C-4E56-BB13-7A958F09CD92}.Debug|iPhone.ActiveCfg = Debug|Any CPU
		{328C2ACB-B69C-4E56-BB13-7A958F09CD92}.Debug|iPhone.Build.0 = Debug|Any CPU
		{328C2ACB-B69C-4E56-BB13-7A958F09CD92}.Debug|iPhone.Deploy.0 = Debug|Any CPU
		{328C2ACB-B69C-4E56-BB13-7A958F09CD92}.Debug|iPhoneSimulator.ActiveCfg = Debug|Any CPU
		{328C2ACB-B69C-4E56-BB13-7A958F09CD92}.Debug|iPhoneSimulator.Build.0 = Debug|Any CPU
		{328C2ACB-B69C-4E56-BB13-7A958F09CD92}.Debug|iPhoneSimulator.Deploy.0 = Debug|Any CPU
		{328C2ACB-B69C-4E56-BB13-7A958F09CD92}.Debug|x64.ActiveCfg = Debug|Any CPU
		{328C2ACB-B69C-4E56-BB13-7A958F09CD92}.Debug|x64.Build.0 = Debug|Any CPU
		{328C2ACB-B69C-4E56-BB13-7A958F09CD92}.Debug|x64.Deploy.0 = Debug|Any CPU
		{328C2ACB-B69C-4E56-BB13-7A958F09CD92}.Debug|x86.ActiveCfg = Debug|Any CPU
		{328C2ACB-B69C-4E56-BB13-7A958F09CD92}.Debug|x86.Build.0 = Debug|Any CPU
		{328C2ACB-B69C-4E56-BB13-7A958F09CD92}.Debug|x86.Deploy.0 = Debug|Any CPU
		{328C2ACB-B69C-4E56-BB13-7A958F09CD92}.Release|Any CPU.ActiveCfg = Release|Any CPU
		{328C2ACB-B69C-4E56-BB13-7A958F09CD92}.Release|Any CPU.Build.0 = Release|Any CPU
		{328C2ACB-B69C-4E56-BB13-7A958F09CD92}.Release|Any CPU.Deploy.0 = Release|Any CPU
		{328C2ACB-B69C-4E56-BB13-7A958F09CD92}.Release|ARM.ActiveCfg = Release|Any CPU
		{328C2ACB-B69C-4E56-BB13-7A958F09CD92}.Release|ARM.Build.0 = Release|Any CPU
		{328C2ACB-B69C-4E56-BB13-7A958F09CD92}.Release|ARM.Deploy.0 = Release|Any CPU
		{328C2ACB-B69C-4E56-BB13-7A958F09CD92}.Release|iPhone.ActiveCfg = Release|Any CPU
		{328C2ACB-B69C-4E56-BB13-7A958F09CD92}.Release|iPhone.Build.0 = Release|Any CPU
		{328C2ACB-B69C-4E56-BB13-7A958F09CD92}.Release|iPhone.Deploy.0 = Release|Any CPU
		{328C2ACB-B69C-4E56-BB13-7A958F09CD92}.Release|iPhoneSimulator.ActiveCfg = Release|Any CPU
		{328C2ACB-B69C-4E56-BB13-7A958F09CD92}.Release|iPhoneSimulator.Build.0 = Release|Any CPU
		{328C2ACB-B69C-4E56-BB13-7A958F09CD92}.Release|iPhoneSimulator.Deploy.0 = Release|Any CPU
		{328C2ACB-B69C-4E56-BB13-7A958F09CD92}.Release|x64.ActiveCfg = Release|Any CPU
		{328C2ACB-B69C-4E56-BB13-7A958F09CD92}.Release|x64.Build.0 = Release|Any CPU
		{328C2ACB-B69C-4E56-BB13-7A958F09CD92}.Release|x64.Deploy.0 = Release|Any CPU
		{328C2ACB-B69C-4E56-BB13-7A958F09CD92}.Release|x86.ActiveCfg = Release|Any CPU
		{328C2ACB-B69C-4E56-BB13-7A958F09CD92}.Release|x86.Build.0 = Release|Any CPU
		{328C2ACB-B69C-4E56-BB13-7A958F09CD92}.Release|x86.Deploy.0 = Release|Any CPU
		{3437ED88-65BC-47D5-8778-45A02D266BCE}.Debug|Any CPU.ActiveCfg = Debug|iPhone
		{3437ED88-65BC-47D5-8778-45A02D266BCE}.Debug|Any CPU.Build.0 = Debug|iPhone
		{3437ED88-65BC-47D5-8778-45A02D266BCE}.Debug|Any CPU.Deploy.0 = Debug|iPhone
		{3437ED88-65BC-47D5-8778-45A02D266BCE}.Debug|ARM.ActiveCfg = Debug|iPhoneSimulator
		{3437ED88-65BC-47D5-8778-45A02D266BCE}.Debug|ARM.Build.0 = Debug|iPhoneSimulator
		{3437ED88-65BC-47D5-8778-45A02D266BCE}.Debug|ARM.Deploy.0 = Debug|iPhoneSimulator
		{3437ED88-65BC-47D5-8778-45A02D266BCE}.Debug|iPhone.ActiveCfg = Debug|iPhone
		{3437ED88-65BC-47D5-8778-45A02D266BCE}.Debug|iPhone.Build.0 = Debug|iPhone
		{3437ED88-65BC-47D5-8778-45A02D266BCE}.Debug|iPhone.Deploy.0 = Debug|iPhone
		{3437ED88-65BC-47D5-8778-45A02D266BCE}.Debug|iPhoneSimulator.ActiveCfg = Debug|iPhoneSimulator
		{3437ED88-65BC-47D5-8778-45A02D266BCE}.Debug|iPhoneSimulator.Build.0 = Debug|iPhoneSimulator
		{3437ED88-65BC-47D5-8778-45A02D266BCE}.Debug|iPhoneSimulator.Deploy.0 = Debug|iPhoneSimulator
		{3437ED88-65BC-47D5-8778-45A02D266BCE}.Debug|x64.ActiveCfg = Debug|iPhone
		{3437ED88-65BC-47D5-8778-45A02D266BCE}.Debug|x64.Build.0 = Debug|iPhone
		{3437ED88-65BC-47D5-8778-45A02D266BCE}.Debug|x64.Deploy.0 = Debug|iPhone
		{3437ED88-65BC-47D5-8778-45A02D266BCE}.Debug|x86.ActiveCfg = Debug|iPhone
		{3437ED88-65BC-47D5-8778-45A02D266BCE}.Debug|x86.Build.0 = Debug|iPhone
		{3437ED88-65BC-47D5-8778-45A02D266BCE}.Debug|x86.Deploy.0 = Debug|iPhone
		{3437ED88-65BC-47D5-8778-45A02D266BCE}.Release|Any CPU.ActiveCfg = Release|iPhone
		{3437ED88-65BC-47D5-8778-45A02D266BCE}.Release|Any CPU.Build.0 = Release|iPhone
		{3437ED88-65BC-47D5-8778-45A02D266BCE}.Release|Any CPU.Deploy.0 = Release|iPhone
		{3437ED88-65BC-47D5-8778-45A02D266BCE}.Release|ARM.ActiveCfg = Release|iPhone
		{3437ED88-65BC-47D5-8778-45A02D266BCE}.Release|ARM.Build.0 = Release|iPhone
		{3437ED88-65BC-47D5-8778-45A02D266BCE}.Release|ARM.Deploy.0 = Release|iPhone
		{3437ED88-65BC-47D5-8778-45A02D266BCE}.Release|iPhone.ActiveCfg = Release|iPhone
		{3437ED88-65BC-47D5-8778-45A02D266BCE}.Release|iPhone.Build.0 = Release|iPhone
		{3437ED88-65BC-47D5-8778-45A02D266BCE}.Release|iPhone.Deploy.0 = Release|iPhone
		{3437ED88-65BC-47D5-8778-45A02D266BCE}.Release|iPhoneSimulator.ActiveCfg = Release|iPhoneSimulator
		{3437ED88-65BC-47D5-8778-45A02D266BCE}.Release|iPhoneSimulator.Build.0 = Release|iPhoneSimulator
		{3437ED88-65BC-47D5-8778-45A02D266BCE}.Release|iPhoneSimulator.Deploy.0 = Release|iPhoneSimulator
		{3437ED88-65BC-47D5-8778-45A02D266BCE}.Release|x64.ActiveCfg = Release|iPhone
		{3437ED88-65BC-47D5-8778-45A02D266BCE}.Release|x64.Build.0 = Release|iPhone
		{3437ED88-65BC-47D5-8778-45A02D266BCE}.Release|x64.Deploy.0 = Release|iPhone
		{3437ED88-65BC-47D5-8778-45A02D266BCE}.Release|x86.ActiveCfg = Release|iPhone
		{3437ED88-65BC-47D5-8778-45A02D266BCE}.Release|x86.Build.0 = Release|iPhone
		{3437ED88-65BC-47D5-8778-45A02D266BCE}.Release|x86.Deploy.0 = Release|iPhone
		{89C4F9E0-F75D-4B07-B627-0F92DE2AFD27}.Debug|Any CPU.ActiveCfg = Debug|Any CPU
		{89C4F9E0-F75D-4B07-B627-0F92DE2AFD27}.Debug|Any CPU.Build.0 = Debug|Any CPU
		{89C4F9E0-F75D-4B07-B627-0F92DE2AFD27}.Debug|Any CPU.Deploy.0 = Debug|Any CPU
		{89C4F9E0-F75D-4B07-B627-0F92DE2AFD27}.Debug|ARM.ActiveCfg = Debug|Any CPU
		{89C4F9E0-F75D-4B07-B627-0F92DE2AFD27}.Debug|ARM.Build.0 = Debug|Any CPU
		{89C4F9E0-F75D-4B07-B627-0F92DE2AFD27}.Debug|ARM.Deploy.0 = Debug|Any CPU
		{89C4F9E0-F75D-4B07-B627-0F92DE2AFD27}.Debug|iPhone.ActiveCfg = Debug|Any CPU
		{89C4F9E0-F75D-4B07-B627-0F92DE2AFD27}.Debug|iPhone.Build.0 = Debug|Any CPU
		{89C4F9E0-F75D-4B07-B627-0F92DE2AFD27}.Debug|iPhone.Deploy.0 = Debug|Any CPU
		{89C4F9E0-F75D-4B07-B627-0F92DE2AFD27}.Debug|iPhoneSimulator.ActiveCfg = Debug|Any CPU
		{89C4F9E0-F75D-4B07-B627-0F92DE2AFD27}.Debug|iPhoneSimulator.Build.0 = Debug|Any CPU
		{89C4F9E0-F75D-4B07-B627-0F92DE2AFD27}.Debug|iPhoneSimulator.Deploy.0 = Debug|Any CPU
		{89C4F9E0-F75D-4B07-B627-0F92DE2AFD27}.Debug|x64.ActiveCfg = Debug|Any CPU
		{89C4F9E0-F75D-4B07-B627-0F92DE2AFD27}.Debug|x64.Build.0 = Debug|Any CPU
		{89C4F9E0-F75D-4B07-B627-0F92DE2AFD27}.Debug|x64.Deploy.0 = Debug|Any CPU
		{89C4F9E0-F75D-4B07-B627-0F92DE2AFD27}.Debug|x86.ActiveCfg = Debug|Any CPU
		{89C4F9E0-F75D-4B07-B627-0F92DE2AFD27}.Debug|x86.Build.0 = Debug|Any CPU
		{89C4F9E0-F75D-4B07-B627-0F92DE2AFD27}.Debug|x86.Deploy.0 = Debug|Any CPU
		{89C4F9E0-F75D-4B07-B627-0F92DE2AFD27}.Release|Any CPU.ActiveCfg = Release|Any CPU
		{89C4F9E0-F75D-4B07-B627-0F92DE2AFD27}.Release|Any CPU.Build.0 = Release|Any CPU
		{89C4F9E0-F75D-4B07-B627-0F92DE2AFD27}.Release|Any CPU.Deploy.0 = Release|Any CPU
		{89C4F9E0-F75D-4B07-B627-0F92DE2AFD27}.Release|ARM.ActiveCfg = Release|Any CPU
		{89C4F9E0-F75D-4B07-B627-0F92DE2AFD27}.Release|ARM.Build.0 = Release|Any CPU
		{89C4F9E0-F75D-4B07-B627-0F92DE2AFD27}.Release|ARM.Deploy.0 = Release|Any CPU
		{89C4F9E0-F75D-4B07-B627-0F92DE2AFD27}.Release|iPhone.ActiveCfg = Release|Any CPU
		{89C4F9E0-F75D-4B07-B627-0F92DE2AFD27}.Release|iPhone.Build.0 = Release|Any CPU
		{89C4F9E0-F75D-4B07-B627-0F92DE2AFD27}.Release|iPhone.Deploy.0 = Release|Any CPU
		{89C4F9E0-F75D-4B07-B627-0F92DE2AFD27}.Release|iPhoneSimulator.ActiveCfg = Release|Any CPU
		{89C4F9E0-F75D-4B07-B627-0F92DE2AFD27}.Release|iPhoneSimulator.Build.0 = Release|Any CPU
		{89C4F9E0-F75D-4B07-B627-0F92DE2AFD27}.Release|iPhoneSimulator.Deploy.0 = Release|Any CPU
		{89C4F9E0-F75D-4B07-B627-0F92DE2AFD27}.Release|x64.ActiveCfg = Release|Any CPU
		{89C4F9E0-F75D-4B07-B627-0F92DE2AFD27}.Release|x64.Build.0 = Release|Any CPU
		{89C4F9E0-F75D-4B07-B627-0F92DE2AFD27}.Release|x64.Deploy.0 = Release|Any CPU
		{89C4F9E0-F75D-4B07-B627-0F92DE2AFD27}.Release|x86.ActiveCfg = Release|Any CPU
		{89C4F9E0-F75D-4B07-B627-0F92DE2AFD27}.Release|x86.Build.0 = Release|Any CPU
		{89C4F9E0-F75D-4B07-B627-0F92DE2AFD27}.Release|x86.Deploy.0 = Release|Any CPU
	EndGlobalSection
	GlobalSection(SolutionProperties) = preSolution
		HideSolutionNode = FALSE
	EndGlobalSection
	GlobalSection(ExtensibilityGlobals) = postSolution
		SolutionGuid = {68013E82-F03C-4D2B-BDC7-2378F9D237EA}
	EndGlobalSection
EndGlobal
